
Microsoft Visual Studio Solution File, Format Version 11.00
# Visual Studio 2010
Project("{FAE04EC0-301F-11D3-BF4B-00C04F79EFBC}") = "maze", "maze\maze.csproj", "{3A7E1E87-1B53-4503-829B-F195D24DD084}"
EndProject
Global
	GlobalSection(SolutionConfigurationPlatforms) = preSolution
		Debug|x86 = Debug|x86
		Release|x86 = Release|x86
	EndGlobalSection
	GlobalSection(ProjectConfigurationPlatforms) = postSolution
		{3A7E1E87-1B53-4503-829B-F195D24DD084}.Debug|x86.ActiveCfg = Debug|x86
		{3A7E1E87-1B53-4503-829B-F195D24DD084}.Debug|x86.Build.0 = Debug|x86
		{3A7E1E87-1B53-4503-829B-F195D24DD084}.Release|x86.ActiveCfg = Release|x86
		{3A7E1E87-1B53-4503-829B-F195D24DD084}.Release|x86.Build.0 = Release|x86
	EndGlobalSection
	GlobalSection(SolutionProperties) = preSolution
		HideSolutionNode = FALSE
	EndGlobalSection
EndGlobal
